# This file is automatically @generated by Poetry 1.7.0 and should not be changed by hand.

[[package]]
name = "aiosqlite"
version = "0.17.0"
description = "asyncio bridge to the standard sqlite3 module"
optional = false
python-versions = ">=3.6"
files = [
    {file = "aiosqlite-0.17.0-py3-none-any.whl", hash = "sha256:6c49dc6d3405929b1d08eeccc72306d3677503cc5e5e43771efc1e00232e8231"},
    {file = "aiosqlite-0.17.0.tar.gz", hash = "sha256:f0e6acc24bc4864149267ac82fb46dfb3be4455f99fe21df82609cc6e6baee51"},
]

[package.dependencies]
typing_extensions = ">=3.7.2"

[[package]]
name = "asynccasbin"
version = "1.1.8"
description = "An async authorization library that supports access control models like ACL, RBAC, ABAC in Python"
optional = false
python-versions = ">=3.7"
files = [
    {file = "asynccasbin-1.1.8-py3-none-any.whl", hash = "sha256:a1aa60113e17e67bb026cfe7342a72f86b2359a6dcd1207deed74e0119416d81"},
    {file = "asynccasbin-1.1.8.tar.gz", hash = "sha256:2136d60f98abba5e38c2924a8dd7d161498d615461a37eb0de9c99659be8d760"},
]

[package.dependencies]
bracex = "2.1.1"
unicode = "2.8"
wcmatch = "8.2"

[[package]]
name = "asyncpg"
version = "0.23.0"
description = "An asyncio PostgreSQL driver"
optional = false
python-versions = ">=3.5.0"
files = [
    {file = "asyncpg-0.23.0-cp35-cp35m-macosx_10_14_x86_64.whl", hash = "sha256:f86378bbfbec7334af03bad4d5fd432149286665ecc8bfbcb7135da56b15d34b"},
    {file = "asyncpg-0.23.0-cp35-cp35m-manylinux_2_5_x86_64.manylinux1_x86_64.whl", hash = "sha256:255839c8c52ebd72d6d0159564d7eb8f70fcf6cc9ce7cdc7e98328fd3279bf52"},
    {file = "asyncpg-0.23.0-cp36-cp36m-macosx_10_14_x86_64.whl", hash = "sha256:11102ac2febbc208427f39e4555537ecf188bd70ef7b285fc92c6c16b748b4c6"},
    {file = "asyncpg-0.23.0-cp36-cp36m-manylinux_2_5_x86_64.manylinux1_x86_64.whl", hash = "sha256:d82d94badd34c8adbc5c85b85085317444cd9e062fc8b956221b34ba4c823b56"},
    {file = "asyncpg-0.23.0-cp36-cp36m-win_amd64.whl", hash = "sha256:a88654ede00596a7bdaa08066ff0505aed491f790621dcdb478066c7ddfd1a3d"},
    {file = "asyncpg-0.23.0-cp37-cp37m-macosx_10_14_x86_64.whl", hash = "sha256:a2031df7573c80186339039cc2c4e684648fea5eaa9537c24f18c509bda2cd3f"},
    {file = "asyncpg-0.23.0-cp37-cp37m-manylinux_2_5_x86_64.manylinux1_x86_64.whl", hash = "sha256:2710b5740cbd572e0fddc20986a44707f05d3f84e29fab72abe87fb8c2fc6885"},
    {file = "asyncpg-0.23.0-cp37-cp37m-win_amd64.whl", hash = "sha256:b784138e69752aaa905b60c5a07a891445706824358fe1440d47113db72c8946"},
    {file = "asyncpg-0.23.0-cp38-cp38-macosx_10_14_x86_64.whl", hash = "sha256:a19429d480a387346ae74b38da20e8da004337f14e5066f4bd6a10a8bbe74d3c"},
    {file = "asyncpg-0.23.0-cp38-cp38-manylinux_2_5_x86_64.manylinux1_x86_64.whl", hash = "sha256:43c44d323c3bd6514fbe6a892ccfdc551259bd92e98dd34ad1a52bad8c7974f3"},
    {file = "asyncpg-0.23.0-cp38-cp38-win_amd64.whl", hash = "sha256:df84f3e93cd08cb31a252510a2e7be4bb15e6dff8a06d91f94c057a305d5d55d"},
    {file = "asyncpg-0.23.0-cp39-cp39-macosx_10_14_x86_64.whl", hash = "sha256:98bef539326408da0c2ed0714432e4c79e345820697914318013588ff235b581"},
    {file = "asyncpg-0.23.0-cp39-cp39-manylinux_2_5_x86_64.manylinux1_x86_64.whl", hash = "sha256:bd6e1f3db9889b5d987b6a1cab49c5b5070756290f3420a4c7a63d942d73ab69"},
    {file = "asyncpg-0.23.0-cp39-cp39-win_amd64.whl", hash = "sha256:ceedd46f569f5efb8b4def3d1dd6a0d85e1a44722608d68aa1d2d0f8693c1bff"},
    {file = "asyncpg-0.23.0.tar.gz", hash = "sha256:812dafa4c9e264d430adcc0f5899f0dc5413155a605088af696f952d72d36b5e"},
]

[package.extras]
dev = ["Cython (>=0.29.20,<0.30.0)", "Sphinx (>=1.7.3,<1.8.0)", "flake8 (>=3.7.9,<3.8.0)", "pycodestyle (>=2.5.0,<2.6.0)", "pytest (>=3.6.0)", "sphinx-rtd-theme (>=0.2.4,<0.3.0)", "sphinxcontrib-asyncio (>=0.2.0,<0.3.0)", "uvloop (>=0.14.0,<0.15.0)"]
docs = ["Sphinx (>=1.7.3,<1.8.0)", "sphinx-rtd-theme (>=0.2.4,<0.3.0)", "sphinxcontrib-asyncio (>=0.2.0,<0.3.0)"]
test = ["flake8 (>=3.7.9,<3.8.0)", "pycodestyle (>=2.5.0,<2.6.0)", "uvloop (>=0.14.0,<0.15.0)"]

[[package]]
name = "atomicwrites"
version = "1.4.1"
description = "Atomic file writes."
optional = false
python-versions = ">=2.7, !=3.0.*, !=3.1.*, !=3.2.*, !=3.3.*"
files = [
    {file = "atomicwrites-1.4.1.tar.gz", hash = "sha256:81b2c9071a49367a7f770170e5eec8cb66567cfbbc8c73d20ce5ca4a8d71cf11"},
]

[[package]]
name = "attrs"
version = "23.1.0"
description = "Classes Without Boilerplate"
optional = false
python-versions = ">=3.7"
files = [
    {file = "attrs-23.1.0-py3-none-any.whl", hash = "sha256:1f28b4522cdc2fb4256ac1a020c78acf9cba2c6b461ccd2c126f3aa8e8335d04"},
    {file = "attrs-23.1.0.tar.gz", hash = "sha256:6279836d581513a26f1bf235f9acd333bc9115683f14f7e8fae46c98fc50e015"},
]

[package.extras]
cov = ["attrs[tests]", "coverage[toml] (>=5.3)"]
dev = ["attrs[docs,tests]", "pre-commit"]
docs = ["furo", "myst-parser", "sphinx", "sphinx-notfound-page", "sphinxcontrib-towncrier", "towncrier", "zope-interface"]
tests = ["attrs[tests-no-zope]", "zope-interface"]
tests-no-zope = ["cloudpickle", "hypothesis", "mypy (>=1.1.1)", "pympler", "pytest (>=4.3.0)", "pytest-mypy-plugins", "pytest-xdist[psutil]"]

[[package]]
name = "bracex"
version = "2.1.1"
description = "Bash style brace expander."
optional = false
python-versions = ">=3.6"
files = [
    {file = "bracex-2.1.1-py3-none-any.whl", hash = "sha256:64e2a6d14de9c8e022cf40539ac8468ba7c4b99550a2b05fc87fd20e392e568f"},
    {file = "bracex-2.1.1.tar.gz", hash = "sha256:01f715cd0ed7a622ec8b32322e715813f7574de531f09b70f6f3b2c10f682425"},
]

[[package]]
name = "ciso8601"
version = "2.3.1"
description = "Fast ISO8601 date time parser for Python written in C"
optional = false
python-versions = "*"
files = [
    {file = "ciso8601-2.3.1-cp310-cp310-macosx_10_9_universal2.whl", hash = "sha256:57db9a28e87f9e4fccba643fb70a9ba1515adc5e1325508eb2c10dd96620314c"},
    {file = "ciso8601-2.3.1-cp310-cp310-macosx_10_9_x86_64.whl", hash = "sha256:8c59646197ddbf84909b6c31d55f744cfeef51811e3910b61d0f58f2885823fd"},
    {file = "ciso8601-2.3.1-cp310-cp310-macosx_11_0_arm64.whl", hash = "sha256:6a25da209193134842cd573464a5323f46fcc3ed781b633f15a34793ba7e1064"},
    {file = "ciso8601-2.3.1-cp310-cp310-manylinux_2_5_x86_64.manylinux1_x86_64.manylinux_2_17_x86_64.manylinux2014_x86_64.whl", hash = "sha256:f3ae83f4e60fc7e260a4188e4ec4ac1bdd40bdb382eeda92fc266c5aa2f0a1ee"},
    {file = "ciso8601-2.3.1-cp310-cp310-musllinux_1_1_i686.whl", hash = "sha256:2c1ef17d1ea52a39b2dce6535583631ae4bfb65c76f0ee8c99413a6861a46c9e"},
    {file = "ciso8601-2.3.1-cp310-cp310-musllinux_1_1_x86_64.whl", hash = "sha256:3771049ba29bd1077588c0a24be1d53f7493e7cc686b2caa92f7cae129636a0e"},
    {file = "ciso8601-2.3.1-cp310-cp310-win_amd64.whl", hash = "sha256:55381365366dacb57207cec610d26c9a6c0d237cb65a0cf67a2baaa5299f2366"},
    {file = "ciso8601-2.3.1-cp311-cp311-macosx_10_9_universal2.whl", hash = "sha256:9f25647803c9a5aaaed130c53bbec7ea06a4f95ba5c7016f59e444b4ef7ac39e"},
    {file = "ciso8601-2.3.1-cp311-cp311-macosx_10_9_x86_64.whl", hash = "sha256:473288cd63efe6a2cf3f4b5f90394e53095358ccb13d6128f87a2da85d0f389b"},
    {file = "ciso8601-2.3.1-cp311-cp311-macosx_11_0_arm64.whl", hash = "sha256:121d27c55f4455eaa27ba3bd602beca915df9a352f235e935636a4660321070e"},
    {file = "ciso8601-2.3.1-cp311-cp311-manylinux_2_5_x86_64.manylinux1_x86_64.manylinux_2_17_x86_64.manylinux2014_x86_64.whl", hash = "sha256:ef44cb4dc83f37019a356c7a72692cbe17072456f4879ca6bc0339f67eee5d00"},
    {file = "ciso8601-2.3.1-cp311-cp311-musllinux_1_1_i686.whl", hash = "sha256:364702e338212b6c1a8643d9399ada21560cf132f363853473560625cb4207f1"},
    {file = "ciso8601-2.3.1-cp311-cp311-musllinux_1_1_x86_64.whl", hash = "sha256:8acb45545e6a654310c6ef788aacb2d73686646c414ceacdd9f5f78a83165af5"},
    {file = "ciso8601-2.3.1-cp311-cp311-win_amd64.whl", hash = "sha256:99addd8b113f85fac549167073f317a318cd2b5841552598ceb97b97c5708a38"},
    {file = "ciso8601-2.3.1-cp312-cp312-macosx_10_9_universal2.whl", hash = "sha256:f39bb5936debf21c52e5d52b89f26857c303da80c43a72883946096a6ef5e561"},
    {file = "ciso8601-2.3.1-cp312-cp312-macosx_10_9_x86_64.whl", hash = "sha256:21cf83ca945bb26ecd95364ae2c9ed0276378e5fe35ce1b64d4c6d5b33038ea3"},
    {file = "ciso8601-2.3.1-cp312-cp312-macosx_11_0_arm64.whl", hash = "sha256:013410263cba46748d2de29e9894341ae41223356cde7970478c32bd0984d10c"},
    {file = "ciso8601-2.3.1-cp312-cp312-manylinux_2_5_x86_64.manylinux1_x86_64.manylinux_2_17_x86_64.manylinux2014_x86_64.whl", hash = "sha256:b26935687ef1837b56997d8c61f1d789e698be58b261410e629eda9c89812141"},
    {file = "ciso8601-2.3.1-cp312-cp312-musllinux_1_1_i686.whl", hash = "sha256:0d980a2a88030d4d8b2434623c250866a75b4979d289eba69bec445c51ace99f"},
    {file = "ciso8601-2.3.1-cp312-cp312-musllinux_1_1_x86_64.whl", hash = "sha256:87721de54e008fb1c4c3978553b05a9c417aa25b76ddf5702d6f7e8d9b109288"},
    {file = "ciso8601-2.3.1-cp312-cp312-win_amd64.whl", hash = "sha256:9f107a4c051e7c0416824279264d94f4ed3da0fbd82bd96ec3c3293426826de4"},
    {file = "ciso8601-2.3.1-cp36-cp36m-macosx_10_9_x86_64.whl", hash = "sha256:02ecbd7c8336c4e1c6bb725b898e29414ee92bdc0be6c72fb07036836b1ac867"},
    {file = "ciso8601-2.3.1-cp36-cp36m-manylinux_2_5_x86_64.manylinux1_x86_64.manylinux_2_17_x86_64.manylinux2014_x86_64.whl", hash = "sha256:36525b1f380f4601533f4631c69911e44efb9cb50beab1da3248b0daa32bced4"},
    {file = "ciso8601-2.3.1-cp36-cp36m-musllinux_1_1_i686.whl", hash = "sha256:874d20c6339e9096baaadfd1b9610bb8d5b373a0f2858cc06de8142b98d2129c"},
    {file = "ciso8601-2.3.1-cp36-cp36m-musllinux_1_1_x86_64.whl", hash = "sha256:46a3663c2cf838f0149e1cdb8e4bdc95716e03cf2d5f803a6eb755d825896ebe"},
    {file = "ciso8601-2.3.1-cp36-cp36m-win_amd64.whl", hash = "sha256:e8e76825f80ce313d75bbbef1d3b8bd9e0ce31dbc157d1981e9593922c9983e7"},
    {file = "ciso8601-2.3.1-cp37-cp37m-macosx_10_9_x86_64.whl", hash = "sha256:6850889813f3135e0aa18f0aaec64249dd81d36a1b9bce60bb45182930c86663"},
    {file = "ciso8601-2.3.1-cp37-cp37m-manylinux_2_5_x86_64.manylinux1_x86_64.manylinux_2_17_x86_64.manylinux2014_x86_64.whl", hash = "sha256:2c690ac24ec3407f68cdfd5e032c6cb18126ef33d6c4b3db0669b9cbb8c96bd4"},
    {file = "ciso8601-2.3.1-cp37-cp37m-musllinux_1_1_i686.whl", hash = "sha256:024c52d5d0670f15ca3dc53eff7345b6eaee22fba929675f6a408f9d1e159d98"},
    {file = "ciso8601-2.3.1-cp37-cp37m-musllinux_1_1_x86_64.whl", hash = "sha256:e7ae2c3442d042de5330672d0d28486ed92f9d7c6dc010943aa618fd361d4638"},
    {file = "ciso8601-2.3.1-cp37-cp37m-win_amd64.whl", hash = "sha256:22128f0def36fa3c4cf0c482a216e8b8ad722def08bc11c07438eff82bdcd02a"},
    {file = "ciso8601-2.3.1-cp38-cp38-macosx_10_9_universal2.whl", hash = "sha256:025859ec286a994aa3f2120c0f27d053b719cabc975398338374f2cc1f961125"},
    {file = "ciso8601-2.3.1-cp38-cp38-macosx_10_9_x86_64.whl", hash = "sha256:2a64ff58904d4418d60fa9619014ae820ae21f7aef58da46df78a4c647f951ec"},
    {file = "ciso8601-2.3.1-cp38-cp38-macosx_11_0_arm64.whl", hash = "sha256:d1f85c0b7fa742bbfd18177137ccbaa3f867dd06157f91595075bb959a733048"},
    {file = "ciso8601-2.3.1-cp38-cp38-manylinux_2_5_x86_64.manylinux1_x86_64.manylinux_2_17_x86_64.manylinux2014_x86_64.whl", hash = "sha256:e4ac59453664781dfddebee51f9a36e41819993823fdb09ddc0ce0e4bd3ff0c3"},
    {file = "ciso8601-2.3.1-cp38-cp38-musllinux_1_1_i686.whl", hash = "sha256:eaecca7e0c3ef9e8f5e963e212b083684e849f9a9bb25834d3042363223a73cd"},
    {file = "ciso8601-2.3.1-cp38-cp38-musllinux_1_1_x86_64.whl", hash = "sha256:ad8f417c45eea973a694599b96f40d841215bfee352cb9963383e8d66b309981"},
    {file = "ciso8601-2.3.1-cp38-cp38-win_amd64.whl", hash = "sha256:b869396e9756a7c0696d8eb69ce1d8980bea5e25c86e5996b10d78c900a4362c"},
    {file = "ciso8601-2.3.1-cp39-cp39-macosx_10_9_universal2.whl", hash = "sha256:7eb7b5ef8714d3d1fe9f3256b7a679ad783da899a0b7503a5ace78186735f840"},
    {file = "ciso8601-2.3.1-cp39-cp39-macosx_10_9_x86_64.whl", hash = "sha256:02828107880848ff497971ebc98e6dc851ad7af8ec14a58089e0e11f3111cad6"},
    {file = "ciso8601-2.3.1-cp39-cp39-macosx_11_0_arm64.whl", hash = "sha256:566b4a8b2f9717e54ffcdd732a7c8051a91da30a60a4f1dafb62e303a1dbac69"},
    {file = "ciso8601-2.3.1-cp39-cp39-manylinux_2_5_x86_64.manylinux1_x86_64.manylinux_2_17_x86_64.manylinux2014_x86_64.whl", hash = "sha256:58a749d63f28c2eda71416c9d6014113b0748abf5fd14c502b01bd515502fedf"},
    {file = "ciso8601-2.3.1-cp39-cp39-musllinux_1_1_i686.whl", hash = "sha256:cb135de0e3b8feb7e74a4f7a234e8c8545957fe8d26316a1a549553f425c629d"},
    {file = "ciso8601-2.3.1-cp39-cp39-musllinux_1_1_x86_64.whl", hash = "sha256:695583810836a42945084b33621b22b0309701c6916689f6a3588fa44c5bc413"},
    {file = "ciso8601-2.3.1-cp39-cp39-win_amd64.whl", hash = "sha256:21204d98496cf5c0511dc21533be55c2a2d34b8c65603946a116812ffbae3b2d"},
    {file = "ciso8601-2.3.1-pp310-pypy310_pp73-manylinux_2_5_x86_64.manylinux1_x86_64.manylinux_2_17_x86_64.manylinux2014_x86_64.whl", hash = "sha256:8c29ea2b03dee2dc0a5d3e4a0b7d7768c597781e9fa451fe1025600f7cb55a89"},
    {file = "ciso8601-2.3.1-pp310-pypy310_pp73-win_amd64.whl", hash = "sha256:7533256af90724b8b7a707dcd1be4b67989447595c8e1e1c28399d4fd51dac50"},
    {file = "ciso8601-2.3.1-pp37-pypy37_pp73-manylinux_2_5_x86_64.manylinux1_x86_64.manylinux_2_17_x86_64.manylinux2014_x86_64.whl", hash = "sha256:d4bc9d577c0d1e57532513fc2899f5231727e28981a426767f7fa13dacb18c06"},
    {file = "ciso8601-2.3.1-pp37-pypy37_pp73-win_amd64.whl", hash = "sha256:4e30501eed43eea7ef64f032c81cd1d8b2020035cbdcefad40db72e2f3bc97ff"},
    {file = "ciso8601-2.3.1-pp38-pypy38_pp73-manylinux_2_5_x86_64.manylinux1_x86_64.manylinux_2_17_x86_64.manylinux2014_x86_64.whl", hash = "sha256:070f568de3bc269268296cb9265704dc5fcb9d4c12b1f1c67536624174df5d09"},
    {file = "ciso8601-2.3.1-pp38-pypy38_pp73-win_amd64.whl", hash = "sha256:9065053c034c80c0afd74c71a4906675d07078a05cfd1cb5ff70661378cdbe60"},
    {file = "ciso8601-2.3.1-pp39-pypy39_pp73-manylinux_2_5_x86_64.manylinux1_x86_64.manylinux_2_17_x86_64.manylinux2014_x86_64.whl", hash = "sha256:4ac00d293cdb3d1a5c78e09b3d75c7b0292ab45d5b26853b436ff5087eba2165"},
    {file = "ciso8601-2.3.1-pp39-pypy39_pp73-win_amd64.whl", hash = "sha256:06941e2ee46701f083aeb21d13eb762d74d5ed6c46ff22119f27a42ed6edc8f9"},
    {file = "ciso8601-2.3.1.tar.gz", hash = "sha256:3212c7ffe5d8080270548b5f2692ffd2039683b6628a8d2ad456122cc5793c4c"},
]

[[package]]
name = "colorama"
version = "0.4.6"
description = "Cross-platform colored terminal text."
optional = false
python-versions = "!=3.0.*,!=3.1.*,!=3.2.*,!=3.3.*,!=3.4.*,!=3.5.*,!=3.6.*,>=2.7"
files = [
    {file = "colorama-0.4.6-py2.py3-none-any.whl", hash = "sha256:4f1d9991f5acc0ca119f9d443620b77f9d6b33703e51011c16baf57afb285fc6"},
    {file = "colorama-0.4.6.tar.gz", hash = "sha256:08695f5cb7ed6e0531a20572697297273c47b8cae5a63ffc6d6ed5c201be6e44"},
]

[[package]]
name = "iniconfig"
version = "2.0.0"
description = "brain-dead simple config-ini parsing"
optional = false
python-versions = ">=3.7"
files = [
    {file = "iniconfig-2.0.0-py3-none-any.whl", hash = "sha256:b6a85871a79d2e3b22d2d1b94ac2824226a63c6b741c88f7ae975f18b6778374"},
    {file = "iniconfig-2.0.0.tar.gz", hash = "sha256:2d91e135bf72d31a410b17c16da610a82cb55f6b0477d1a902134b24a455b8b3"},
]

[[package]]
name = "iso8601"
version = "1.1.0"
description = "Simple module to parse ISO 8601 dates"
optional = false
python-versions = ">=3.6.2,<4.0"
files = [
    {file = "iso8601-1.1.0-py3-none-any.whl", hash = "sha256:8400e90141bf792bce2634df533dc57e3bee19ea120a87bebcd3da89a58ad73f"},
    {file = "iso8601-1.1.0.tar.gz", hash = "sha256:32811e7b81deee2063ea6d2e94f8819a86d1f3811e49d23623a41fa832bef03f"},
]

[[package]]
name = "orjson"
version = "3.9.10"
description = "Fast, correct Python JSON library supporting dataclasses, datetimes, and numpy"
optional = false
python-versions = ">=3.8"
files = [
    {file = "orjson-3.9.10-cp310-cp310-macosx_10_15_x86_64.macosx_11_0_arm64.macosx_10_15_universal2.whl", hash = "sha256:c18a4da2f50050a03d1da5317388ef84a16013302a5281d6f64e4a3f406aabc4"},
    {file = "orjson-3.9.10-cp310-cp310-manylinux_2_17_aarch64.manylinux2014_aarch64.whl", hash = "sha256:5148bab4d71f58948c7c39d12b14a9005b6ab35a0bdf317a8ade9a9e4d9d0bd5"},
    {file = "orjson-3.9.10-cp310-cp310-manylinux_2_17_armv7l.manylinux2014_armv7l.whl", hash = "sha256:4cf7837c3b11a2dfb589f8530b3cff2bd0307ace4c301e8997e95c7468c1378e"},
    {file = "orjson-3.9.10-cp310-cp310-manylinux_2_17_ppc64le.manylinux2014_ppc64le.whl", hash = "sha256:c62b6fa2961a1dcc51ebe88771be5319a93fd89bd247c9ddf732bc250507bc2b"},
    {file = "orjson-3.9.10-cp310-cp310-manylinux_2_17_s390x.manylinux2014_s390x.whl", hash = "sha256:deeb3922a7a804755bbe6b5be9b312e746137a03600f488290318936c1a2d4dc"},
    {file = "orjson-3.9.10-cp310-cp310-manylinux_2_17_x86_64.manylinux2014_x86_64.whl", hash = "sha256:1234dc92d011d3554d929b6cf058ac4a24d188d97be5e04355f1b9223e98bbe9"},
    {file = "orjson-3.9.10-cp310-cp310-musllinux_1_1_aarch64.whl", hash = "sha256:06ad5543217e0e46fd7ab7ea45d506c76f878b87b1b4e369006bdb01acc05a83"},
    {file = "orjson-3.9.10-cp310-cp310-musllinux_1_1_x86_64.whl", hash = "sha256:4fd72fab7bddce46c6826994ce1e7de145ae1e9e106ebb8eb9ce1393ca01444d"},
    {file = "orjson-3.9.10-cp310-none-win32.whl", hash = "sha256:b5b7d4a44cc0e6ff98da5d56cde794385bdd212a86563ac321ca64d7f80c80d1"},
    {file = "orjson-3.9.10-cp310-none-win_amd64.whl", hash = "sha256:61804231099214e2f84998316f3238c4c2c4aaec302df12b21a64d72e2a135c7"},
    {file = "orjson-3.9.10-cp311-cp311-macosx_10_15_x86_64.macosx_11_0_arm64.macosx_10_15_universal2.whl", hash = "sha256:cff7570d492bcf4b64cc862a6e2fb77edd5e5748ad715f487628f102815165e9"},
    {file = "orjson-3.9.10-cp311-cp311-manylinux_2_17_aarch64.manylinux2014_aarch64.whl", hash = "sha256:ed8bc367f725dfc5cabeed1ae079d00369900231fbb5a5280cf0736c30e2adf7"},
    {file = "orjson-3.9.10-cp311-cp311-manylinux_2_17_armv7l.manylinux2014_armv7l.whl", hash = "sha256:c812312847867b6335cfb264772f2a7e85b3b502d3a6b0586aa35e1858528ab1"},
    {file = "orjson-3.9.10-cp311-cp311-manylinux_2_17_ppc64le.manylinux2014_ppc64le.whl", hash = "sha256:9edd2856611e5050004f4722922b7b1cd6268da34102667bd49d2a2b18bafb81"},
    {file = "orjson-3.9.10-cp311-cp311-manylinux_2_17_s390x.manylinux2014_s390x.whl", hash = "sha256:674eb520f02422546c40401f4efaf8207b5e29e420c17051cddf6c02783ff5ca"},
    {file = "orjson-3.9.10-cp311-cp311-manylinux_2_17_x86_64.manylinux2014_x86_64.whl", hash = "sha256:1d0dc4310da8b5f6415949bd5ef937e60aeb0eb6b16f95041b5e43e6200821fb"},
    {file = "orjson-3.9.10-cp311-cp311-musllinux_1_1_aarch64.whl", hash = "sha256:e99c625b8c95d7741fe057585176b1b8783d46ed4b8932cf98ee145c4facf499"},
    {file = "orjson-3.9.10-cp311-cp311-musllinux_1_1_x86_64.whl", hash = "sha256:ec6f18f96b47299c11203edfbdc34e1b69085070d9a3d1f302810cc23ad36bf3"},
    {file = "orjson-3.9.10-cp311-none-win32.whl", hash = "sha256:ce0a29c28dfb8eccd0f16219360530bc3cfdf6bf70ca384dacd36e6c650ef8e8"},
    {file = "orjson-3.9.10-cp311-none-win_amd64.whl", hash = "sha256:cf80b550092cc480a0cbd0750e8189247ff45457e5a023305f7ef1bcec811616"},
    {file = "orjson-3.9.10-cp312-cp312-macosx_10_15_x86_64.macosx_11_0_arm64.macosx_10_15_universal2.whl", hash = "sha256:602a8001bdf60e1a7d544be29c82560a7b49319a0b31d62586548835bbe2c862"},
    {file = "orjson-3.9.10-cp312-cp312-manylinux_2_17_aarch64.manylinux2014_aarch64.whl", hash = "sha256:f295efcd47b6124b01255d1491f9e46f17ef40d3d7eabf7364099e463fb45f0f"},
    {file = "orjson-3.9.10-cp312-cp312-manylinux_2_17_armv7l.manylinux2014_armv7l.whl", hash = "sha256:92af0d00091e744587221e79f68d617b432425a7e59328ca4c496f774a356071"},
    {file = "orjson-3.9.10-cp312-cp312-manylinux_2_17_ppc64le.manylinux2014_ppc64le.whl", hash = "sha256:c5a02360e73e7208a872bf65a7554c9f15df5fe063dc047f79738998b0506a14"},
    {file = "orjson-3.9.10-cp312-cp312-manylinux_2_17_s390x.manylinux2014_s390x.whl", hash = "sha256:858379cbb08d84fe7583231077d9a36a1a20eb72f8c9076a45df8b083724ad1d"},
    {file = "orjson-3.9.10-cp312-cp312-manylinux_2_17_x86_64.manylinux2014_x86_64.whl", hash = "sha256:666c6fdcaac1f13eb982b649e1c311c08d7097cbda24f32612dae43648d8db8d"},
    {file = "orjson-3.9.10-cp312-cp312-musllinux_1_1_aarch64.whl", hash = "sha256:3fb205ab52a2e30354640780ce4587157a9563a68c9beaf52153e1cea9aa0921"},
    {file = "orjson-3.9.10-cp312-cp312-musllinux_1_1_x86_64.whl", hash = "sha256:7ec960b1b942ee3c69323b8721df2a3ce28ff40e7ca47873ae35bfafeb4555ca"},
    {file = "orjson-3.9.10-cp312-none-win_amd64.whl", hash = "sha256:3e892621434392199efb54e69edfff9f699f6cc36dd9553c5bf796058b14b20d"},
    {file = "orjson-3.9.10-cp38-cp38-macosx_10_15_x86_64.macosx_11_0_arm64.macosx_10_15_universal2.whl", hash = "sha256:8b9ba0ccd5a7f4219e67fbbe25e6b4a46ceef783c42af7dbc1da548eb28b6531"},
    {file = "orjson-3.9.10-cp38-cp38-manylinux_2_17_aarch64.manylinux2014_aarch64.whl", hash = "sha256:2e2ecd1d349e62e3960695214f40939bbfdcaeaaa62ccc638f8e651cf0970e5f"},
    {file = "orjson-3.9.10-cp38-cp38-manylinux_2_17_armv7l.manylinux2014_armv7l.whl", hash = "sha256:7f433be3b3f4c66016d5a20e5b4444ef833a1f802ced13a2d852c637f69729c1"},
    {file = "orjson-3.9.10-cp38-cp38-manylinux_2_17_ppc64le.manylinux2014_ppc64le.whl", hash = "sha256:4689270c35d4bb3102e103ac43c3f0b76b169760aff8bcf2d401a3e0e58cdb7f"},
    {file = "orjson-3.9.10-cp38-cp38-manylinux_2_17_s390x.manylinux2014_s390x.whl", hash = "sha256:4bd176f528a8151a6efc5359b853ba3cc0e82d4cd1fab9c1300c5d957dc8f48c"},
    {file = "orjson-3.9.10-cp38-cp38-manylinux_2_17_x86_64.manylinux2014_x86_64.whl", hash = "sha256:3a2ce5ea4f71681623f04e2b7dadede3c7435dfb5e5e2d1d0ec25b35530e277b"},
    {file = "orjson-3.9.10-cp38-cp38-musllinux_1_1_aarch64.whl", hash = "sha256:49f8ad582da6e8d2cf663c4ba5bf9f83cc052570a3a767487fec6af839b0e777"},
    {file = "orjson-3.9.10-cp38-cp38-musllinux_1_1_x86_64.whl", hash = "sha256:2a11b4b1a8415f105d989876a19b173f6cdc89ca13855ccc67c18efbd7cbd1f8"},
    {file = "orjson-3.9.10-cp38-none-win32.whl", hash = "sha256:a353bf1f565ed27ba71a419b2cd3db9d6151da426b61b289b6ba1422a702e643"},
    {file = "orjson-3.9.10-cp38-none-win_amd64.whl", hash = "sha256:e28a50b5be854e18d54f75ef1bb13e1abf4bc650ab9d635e4258c58e71eb6ad5"},
    {file = "orjson-3.9.10-cp39-cp39-macosx_10_15_x86_64.macosx_11_0_arm64.macosx_10_15_universal2.whl", hash = "sha256:ee5926746232f627a3be1cc175b2cfad24d0170d520361f4ce3fa2fd83f09e1d"},
    {file = "orjson-3.9.10-cp39-cp39-manylinux_2_17_aarch64.manylinux2014_aarch64.whl", hash = "sha256:0a73160e823151f33cdc05fe2cea557c5ef12fdf276ce29bb4f1c571c8368a60"},
    {file = "orjson-3.9.10-cp39-cp39-manylinux_2_17_armv7l.manylinux2014_armv7l.whl", hash = "sha256:c338ed69ad0b8f8f8920c13f529889fe0771abbb46550013e3c3d01e5174deef"},
    {file = "orjson-3.9.10-cp39-cp39-manylinux_2_17_ppc64le.manylinux2014_ppc64le.whl", hash = "sha256:5869e8e130e99687d9e4be835116c4ebd83ca92e52e55810962446d841aba8de"},
    {file = "orjson-3.9.10-cp39-cp39-manylinux_2_17_s390x.manylinux2014_s390x.whl", hash = "sha256:d2c1e559d96a7f94a4f581e2a32d6d610df5840881a8cba8f25e446f4d792df3"},
    {file = "orjson-3.9.10-cp39-cp39-manylinux_2_17_x86_64.manylinux2014_x86_64.whl", hash = "sha256:81a3a3a72c9811b56adf8bcc829b010163bb2fc308877e50e9910c9357e78521"},
    {file = "orjson-3.9.10-cp39-cp39-musllinux_1_1_aarch64.whl", hash = "sha256:7f8fb7f5ecf4f6355683ac6881fd64b5bb2b8a60e3ccde6ff799e48791d8f864"},
    {file = "orjson-3.9.10-cp39-cp39-musllinux_1_1_x86_64.whl", hash = "sha256:c943b35ecdf7123b2d81d225397efddf0bce2e81db2f3ae633ead38e85cd5ade"},
    {file = "orjson-3.9.10-cp39-none-win32.whl", hash = "sha256:fb0b361d73f6b8eeceba47cd37070b5e6c9de5beaeaa63a1cb35c7e1a73ef088"},
    {file = "orjson-3.9.10-cp39-none-win_amd64.whl", hash = "sha256:b90f340cb6397ec7a854157fac03f0c82b744abdd1c0941a024c3c29d1340aff"},
    {file = "orjson-3.9.10.tar.gz", hash = "sha256:9ebbdbd6a046c304b1845e96fbcc5559cd296b4dfd3ad2509e33c4d9ce07d6a1"},
]

[[package]]
name = "packaging"
version = "23.2"
description = "Core utilities for Python packages"
optional = false
python-versions = ">=3.7"
files = [
    {file = "packaging-23.2-py3-none-any.whl", hash = "sha256:8c491190033a9af7e1d931d0b5dacc2ef47509b34dd0de67ed209b5203fc88c7"},
    {file = "packaging-23.2.tar.gz", hash = "sha256:048fb0e9405036518eaaf48a55953c750c11e1a1b68e0dd1a9d62ed0c092cfc5"},
]

[[package]]
name = "pluggy"
version = "1.3.0"
description = "plugin and hook calling mechanisms for python"
optional = false
python-versions = ">=3.8"
files = [
    {file = "pluggy-1.3.0-py3-none-any.whl", hash = "sha256:d89c696a773f8bd377d18e5ecda92b7a3793cbe66c87060a6fb58c7b6e1061f7"},
    {file = "pluggy-1.3.0.tar.gz", hash = "sha256:cf61ae8f126ac6f7c451172cf30e3e43d3ca77615509771b3a984a0730651e12"},
]

[package.extras]
dev = ["pre-commit", "tox"]
testing = ["pytest", "pytest-benchmark"]

[[package]]
name = "py"
version = "1.11.0"
description = "library with cross-python path, ini-parsing, io, code, log facilities"
optional = false
python-versions = ">=2.7, !=3.0.*, !=3.1.*, !=3.2.*, !=3.3.*, !=3.4.*"
files = [
    {file = "py-1.11.0-py2.py3-none-any.whl", hash = "sha256:607c53218732647dff4acdfcd50cb62615cedf612e72d1724fb1a0cc6405b378"},
    {file = "py-1.11.0.tar.gz", hash = "sha256:51c75c4126074b472f746a24399ad32f6053d1b34b68d2fa41e558e6f4a98719"},
]

[[package]]
name = "pypika-tortoise"
version = "0.1.6"
description = "Forked from pypika and streamline just for tortoise-orm"
optional = false
python-versions = ">=3.7,<4.0"
files = [
    {file = "pypika-tortoise-0.1.6.tar.gz", hash = "sha256:d802868f479a708e3263724c7b5719a26ad79399b2a70cea065f4a4cadbebf36"},
    {file = "pypika_tortoise-0.1.6-py3-none-any.whl", hash = "sha256:2d68bbb7e377673743cff42aa1059f3a80228d411fbcae591e4465e173109fd8"},
]

[[package]]
name = "pytest"
version = "6.2.5"
description = "pytest: simple powerful testing with Python"
optional = false
python-versions = ">=3.6"
files = [
    {file = "pytest-6.2.5-py3-none-any.whl", hash = "sha256:7310f8d27bc79ced999e760ca304d69f6ba6c6649c0b60fb0e04a4a77cacc134"},
    {file = "pytest-6.2.5.tar.gz", hash = "sha256:131b36680866a76e6781d13f101efb86cf674ebb9762eb70d3082b6f29889e89"},
]

[package.dependencies]
atomicwrites = {version = ">=1.0", markers = "sys_platform == \"win32\""}
attrs = ">=19.2.0"
colorama = {version = "*", markers = "sys_platform == \"win32\""}
iniconfig = "*"
packaging = "*"
pluggy = ">=0.12,<2.0"
py = ">=1.8.2"
toml = "*"

[package.extras]
testing = ["argcomplete", "hypothesis (>=3.56)", "mock", "nose", "requests", "xmlschema"]

[[package]]
name = "pytest-asyncio"
version = "0.15.1"
description = "Pytest support for asyncio."
optional = false
python-versions = ">= 3.6"
files = [
    {file = "pytest-asyncio-0.15.1.tar.gz", hash = "sha256:2564ceb9612bbd560d19ca4b41347b54e7835c2f792c504f698e05395ed63f6f"},
    {file = "pytest_asyncio-0.15.1-py3-none-any.whl", hash = "sha256:3042bcdf1c5d978f6b74d96a151c4cfb9dcece65006198389ccd7e6c60eb1eea"},
]

[package.dependencies]
pytest = ">=5.4.0"

[package.extras]
testing = ["coverage", "hypothesis (>=5.7.1)"]

[[package]]
name = "pytz"
version = "2023.3.post1"
description = "World timezone definitions, modern and historical"
optional = false
python-versions = "*"
files = [
    {file = "pytz-2023.3.post1-py2.py3-none-any.whl", hash = "sha256:ce42d816b81b68506614c11e8937d3aa9e41007ceb50bfdcb0749b921bf646c7"},
    {file = "pytz-2023.3.post1.tar.gz", hash = "sha256:7b4fddbeb94a1eba4b557da24f19fdf9db575192544270a9101d8509f9f43d7b"},
]

[[package]]
name = "toml"
version = "0.10.2"
description = "Python Library for Tom's Obvious, Minimal Language"
optional = false
python-versions = ">=2.6, !=3.0.*, !=3.1.*, !=3.2.*"
files = [
    {file = "toml-0.10.2-py2.py3-none-any.whl", hash = "sha256:806143ae5bfb6a3c6e736a764057db0e6a0e05e338b5630894a5f779cabb4f9b"},
    {file = "toml-0.10.2.tar.gz", hash = "sha256:b3bda1d108d5dd99f4a20d24d9c348e91c4db7ab1b749200bded2f839ccbe68f"},
]

[[package]]
name = "tortoise-orm"
version = "0.20.0"
description = "Easy async ORM for python, built with relations in mind"
optional = false
python-versions = ">=3.8,<4.0"
files = [
    {file = "tortoise_orm-0.20.0-py3-none-any.whl", hash = "sha256:1891ad935de689ddf002c5c65c864176d28659ab6069e45f0e2cde32359bb8d9"},
    {file = "tortoise_orm-0.20.0.tar.gz", hash = "sha256:283af584d685dcc58d6cc1da35b9115bb1e41c89075eae2a19c493b39b9b41f7"},
]

[package.dependencies]
aiosqlite = ">=0.16.0,<0.18.0"
ciso8601 = {version = "*", optional = true, markers = "sys_platform != \"win32\" and implementation_name == \"cpython\" and extra == \"accel\""}
iso8601 = ">=1.0.2,<2.0.0"
orjson = {version = "*", optional = true, markers = "extra == \"accel\""}
pypika-tortoise = ">=0.1.6,<0.2.0"
pytz = "*"
uvloop = {version = "*", optional = true, markers = "sys_platform != \"win32\" and implementation_name == \"cpython\" and extra == \"accel\""}

[package.extras]
accel = ["ciso8601", "orjson", "uvloop"]
aiomysql = ["aiomysql"]
asyncmy = ["asyncmy (>=0.2.8,<0.3.0)"]
asyncodbc = ["asyncodbc (>=0.1.1,<0.2.0)"]
asyncpg = ["asyncpg"]
psycopg = ["psycopg[binary,pool] (>=3.0.12,<4.0.0)"]

[[package]]
name = "typing-extensions"
version = "4.8.0"
description = "Backported and Experimental Type Hints for Python 3.8+"
optional = false
python-versions = ">=3.8"
files = [
    {file = "typing_extensions-4.8.0-py3-none-any.whl", hash = "sha256:8f92fc8806f9a6b641eaa5318da32b44d401efaac0f6678c9bc448ba3605faa0"},
    {file = "typing_extensions-4.8.0.tar.gz", hash = "sha256:df8e4339e9cb77357558cbdbceca33c303714cf861d1eef15e1070055ae8b7ef"},
]

[[package]]
name = "unicode"
version = "2.8"
description = "Display unicode character properties"
optional = false
python-versions = "*"
files = [
    {file = "unicode-2.8-py2.py3-none-any.whl", hash = "sha256:a1bb93e2b9f68b9316734abcbc54fed78881df94268cd72d21b4f7a6be3ec970"},
    {file = "unicode-2.8.tar.gz", hash = "sha256:000f637428446f64352f72cb782e2a3dc587f14011ee4c9840657062ec3c27ed"},
]

[[package]]
name = "uvloop"
version = "0.19.0"
description = "Fast implementation of asyncio event loop on top of libuv"
optional = false
python-versions = ">=3.8.0"
files = [
    {file = "uvloop-0.19.0-cp310-cp310-macosx_10_9_universal2.whl", hash = "sha256:de4313d7f575474c8f5a12e163f6d89c0a878bc49219641d49e6f1444369a90e"},
    {file = "uvloop-0.19.0-cp310-cp310-macosx_10_9_x86_64.whl", hash = "sha256:5588bd21cf1fcf06bded085f37e43ce0e00424197e7c10e77afd4bbefffef428"},
    {file = "uvloop-0.19.0-cp310-cp310-manylinux_2_17_aarch64.manylinux2014_aarch64.whl", hash = "sha256:7b1fd71c3843327f3bbc3237bedcdb6504fd50368ab3e04d0410e52ec293f5b8"},
    {file = "uvloop-0.19.0-cp310-cp310-manylinux_2_17_x86_64.manylinux2014_x86_64.whl", hash = "sha256:5a05128d315e2912791de6088c34136bfcdd0c7cbc1cf85fd6fd1bb321b7c849"},
    {file = "uvloop-0.19.0-cp310-cp310-musllinux_1_1_aarch64.whl", hash = "sha256:cd81bdc2b8219cb4b2556eea39d2e36bfa375a2dd021404f90a62e44efaaf957"},
    {file = "uvloop-0.19.0-cp310-cp310-musllinux_1_1_x86_64.whl", hash = "sha256:5f17766fb6da94135526273080f3455a112f82570b2ee5daa64d682387fe0dcd"},
    {file = "uvloop-0.19.0-cp311-cp311-macosx_10_9_universal2.whl", hash = "sha256:4ce6b0af8f2729a02a5d1575feacb2a94fc7b2e983868b009d51c9a9d2149bef"},
    {file = "uvloop-0.19.0-cp311-cp311-macosx_10_9_x86_64.whl", hash = "sha256:31e672bb38b45abc4f26e273be83b72a0d28d074d5b370fc4dcf4c4eb15417d2"},
    {file = "uvloop-0.19.0-cp311-cp311-manylinux_2_17_aarch64.manylinux2014_aarch64.whl", hash = "sha256:570fc0ed613883d8d30ee40397b79207eedd2624891692471808a95069a007c1"},
    {file = "uvloop-0.19.0-cp311-cp311-manylinux_2_17_x86_64.manylinux2014_x86_64.whl", hash = "sha256:5138821e40b0c3e6c9478643b4660bd44372ae1e16a322b8fc07478f92684e24"},
    {file = "uvloop-0.19.0-cp311-cp311-musllinux_1_1_aarch64.whl", hash = "sha256:91ab01c6cd00e39cde50173ba4ec68a1e578fee9279ba64f5221810a9e786533"},
    {file = "uvloop-0.19.0-cp311-cp311-musllinux_1_1_x86_64.whl", hash = "sha256:47bf3e9312f63684efe283f7342afb414eea4d3011542155c7e625cd799c3b12"},
    {file = "uvloop-0.19.0-cp312-cp312-macosx_10_9_universal2.whl", hash = "sha256:da8435a3bd498419ee8c13c34b89b5005130a476bda1d6ca8cfdde3de35cd650"},
    {file = "uvloop-0.19.0-cp312-cp312-macosx_10_9_x86_64.whl", hash = "sha256:02506dc23a5d90e04d4f65c7791e65cf44bd91b37f24cfc3ef6cf2aff05dc7ec"},
    {file = "uvloop-0.19.0-cp312-cp312-manylinux_2_17_aarch64.manylinux2014_aarch64.whl", hash = "sha256:2693049be9d36fef81741fddb3f441673ba12a34a704e7b4361efb75cf30befc"},
    {file = "uvloop-0.19.0-cp312-cp312-manylinux_2_17_x86_64.manylinux2014_x86_64.whl", hash = "sha256:7010271303961c6f0fe37731004335401eb9075a12680738731e9c92ddd96ad6"},
    {file = "uvloop-0.19.0-cp312-cp312-musllinux_1_1_aarch64.whl", hash = "sha256:5daa304d2161d2918fa9a17d5635099a2f78ae5b5960e742b2fcfbb7aefaa593"},
    {file = "uvloop-0.19.0-cp312-cp312-musllinux_1_1_x86_64.whl", hash = "sha256:7207272c9520203fea9b93843bb775d03e1cf88a80a936ce760f60bb5add92f3"},
    {file = "uvloop-0.19.0-cp38-cp38-macosx_10_9_universal2.whl", hash = "sha256:78ab247f0b5671cc887c31d33f9b3abfb88d2614b84e4303f1a63b46c046c8bd"},
    {file = "uvloop-0.19.0-cp38-cp38-macosx_10_9_x86_64.whl", hash = "sha256:472d61143059c84947aa8bb74eabbace30d577a03a1805b77933d6bd13ddebbd"},
    {file = "uvloop-0.19.0-cp38-cp38-manylinux_2_17_aarch64.manylinux2014_aarch64.whl", hash = "sha256:45bf4c24c19fb8a50902ae37c5de50da81de4922af65baf760f7c0c42e1088be"},
    {file = "uvloop-0.19.0-cp38-cp38-manylinux_2_17_x86_64.manylinux2014_x86_64.whl", hash = "sha256:271718e26b3e17906b28b67314c45d19106112067205119dddbd834c2b7ce797"},
    {file = "uvloop-0.19.0-cp38-cp38-musllinux_1_1_aarch64.whl", hash = "sha256:34175c9fd2a4bc3adc1380e1261f60306344e3407c20a4d684fd5f3be010fa3d"},
    {file = "uvloop-0.19.0-cp38-cp38-musllinux_1_1_x86_64.whl", hash = "sha256:e27f100e1ff17f6feeb1f33968bc185bf8ce41ca557deee9d9bbbffeb72030b7"},
    {file = "uvloop-0.19.0-cp39-cp39-macosx_10_9_universal2.whl", hash = "sha256:13dfdf492af0aa0a0edf66807d2b465607d11c4fa48f4a1fd41cbea5b18e8e8b"},
    {file = "uvloop-0.19.0-cp39-cp39-macosx_10_9_x86_64.whl", hash = "sha256:6e3d4e85ac060e2342ff85e90d0c04157acb210b9ce508e784a944f852a40e67"},
    {file = "uvloop-0.19.0-cp39-cp39-manylinux_2_17_aarch64.manylinux2014_aarch64.whl", hash = "sha256:8ca4956c9ab567d87d59d49fa3704cf29e37109ad348f2d5223c9bf761a332e7"},
    {file = "uvloop-0.19.0-cp39-cp39-manylinux_2_17_x86_64.manylinux2014_x86_64.whl", hash = "sha256:f467a5fd23b4fc43ed86342641f3936a68ded707f4627622fa3f82a120e18256"},
    {file = "uvloop-0.19.0-cp39-cp39-musllinux_1_1_aarch64.whl", hash = "sha256:492e2c32c2af3f971473bc22f086513cedfc66a130756145a931a90c3958cb17"},
    {file = "uvloop-0.19.0-cp39-cp39-musllinux_1_1_x86_64.whl", hash = "sha256:2df95fca285a9f5bfe730e51945ffe2fa71ccbfdde3b0da5772b4ee4f2e770d5"},
    {file = "uvloop-0.19.0.tar.gz", hash = "sha256:0246f4fd1bf2bf702e06b0d45ee91677ee5c31242f39aab4ea6fe0c51aedd0fd"},
]

[package.extras]
docs = ["Sphinx (>=4.1.2,<4.2.0)", "sphinx-rtd-theme (>=0.5.2,<0.6.0)", "sphinxcontrib-asyncio (>=0.3.0,<0.4.0)"]
test = ["Cython (>=0.29.36,<0.30.0)", "aiohttp (==3.9.0b0)", "aiohttp (>=3.8.1)", "flake8 (>=5.0,<6.0)", "mypy (>=0.800)", "psutil", "pyOpenSSL (>=23.0.0,<23.1.0)", "pycodestyle (>=2.9.0,<2.10.0)"]

[[package]]
name = "wcmatch"
version = "8.2"
description = "Wildcard/glob file name matcher."
optional = false
python-versions = ">=3.6"
files = [
    {file = "wcmatch-8.2-py3-none-any.whl", hash = "sha256:9146b1ab9354e0797ef6ef69bc89cb32cb9f46d1b9eeef69c559aeec8f3bffb6"},
    {file = "wcmatch-8.2.tar.gz", hash = "sha256:4d54ddb506c90b5a5bba3a96a1cfb0bb07127909e19046a71d689ddfb18c3617"},
]

[package.dependencies]
bracex = ">=2.1.1"

[metadata]
lock-version = "2.0"
python-versions = "^3.8"
content-hash = "17bc4351fcebaca49577c2c56caac0d6d9f0ed88ccf0da3162d4c28c197054a2"
