[[package]]
name = "aiosqlite"
version = "0.17.0"
description = "asyncio bridge to the standard sqlite3 module"
category = "main"
optional = false
python-versions = ">=3.6"

[package.dependencies]
typing_extensions = ">=3.7.2"

[[package]]
name = "asynccasbin"
version = "1.1.8"
description = "An async authorization library that supports access control models like ACL, RBAC, ABAC in Python"
category = "main"
optional = false
python-versions = ">=3.7"

[package.dependencies]
bracex = "2.1.1"
unicode = "2.8"
wcmatch = "8.2"

[[package]]
name = "asyncpg"
version = "0.23.0"
description = "An asyncio PostgreSQL driver"
category = "dev"
optional = false
python-versions = ">=3.5.0"

[package.dependencies]
typing-extensions = {version = ">=3.7.4.3", markers = "python_version < \"3.8\""}

[package.extras]
dev = ["Cython (>=0.29.20,<0.30.0)", "pytest (>=3.6.0)", "Sphinx (>=1.7.3,<1.8.0)", "sphinxcontrib-asyncio (>=0.2.0,<0.3.0)", "sphinx-rtd-theme (>=0.2.4,<0.3.0)", "pycodestyle (>=2.5.0,<2.6.0)", "flake8 (>=3.7.9,<3.8.0)", "uvloop (>=0.14.0,<0.15.0)"]
docs = ["Sphinx (>=1.7.3,<1.8.0)", "sphinxcontrib-asyncio (>=0.2.0,<0.3.0)", "sphinx-rtd-theme (>=0.2.4,<0.3.0)"]
test = ["pycodestyle (>=2.5.0,<2.6.0)", "flake8 (>=3.7.9,<3.8.0)", "uvloop (>=0.14.0,<0.15.0)"]

[[package]]
name = "atomicwrites"
version = "1.4.0"
description = "Atomic file writes."
category = "dev"
optional = false
python-versions = ">=2.7, !=3.0.*, !=3.1.*, !=3.2.*, !=3.3.*"

[[package]]
name = "attrs"
version = "21.4.0"
description = "Classes Without Boilerplate"
category = "dev"
optional = false
python-versions = ">=2.7, !=3.0.*, !=3.1.*, !=3.2.*, !=3.3.*, !=3.4.*"

[package.extras]
dev = ["coverage[toml] (>=5.0.2)", "hypothesis", "pympler", "pytest (>=4.3.0)", "six", "mypy", "pytest-mypy-plugins", "zope.interface", "furo", "sphinx", "sphinx-notfound-page", "pre-commit", "cloudpickle"]
docs = ["furo", "sphinx", "zope.interface", "sphinx-notfound-page"]
tests = ["coverage[toml] (>=5.0.2)", "hypothesis", "pympler", "pytest (>=4.3.0)", "six", "mypy", "pytest-mypy-plugins", "zope.interface", "cloudpickle"]
tests_no_zope = ["coverage[toml] (>=5.0.2)", "hypothesis", "pympler", "pytest (>=4.3.0)", "six", "mypy", "pytest-mypy-plugins", "cloudpickle"]

[[package]]
name = "bracex"
version = "2.1.1"
description = "Bash style brace expander."
category = "main"
optional = false
python-versions = ">=3.6"

[[package]]
name = "ciso8601"
version = "2.2.0"
description = "Fast ISO8601 date time parser for Python written in C"
category = "main"
optional = false
python-versions = "*"

[[package]]
name = "colorama"
version = "0.4.5"
description = "Cross-platform colored terminal text."
category = "dev"
optional = false
python-versions = ">=2.7, !=3.0.*, !=3.1.*, !=3.2.*, !=3.3.*, !=3.4.*"

[[package]]
name = "importlib-metadata"
version = "4.11.4"
description = "Read metadata from Python packages"
category = "dev"
optional = false
python-versions = ">=3.7"

[package.dependencies]
typing-extensions = {version = ">=3.6.4", markers = "python_version < \"3.8\""}
zipp = ">=0.5"

[package.extras]
docs = ["sphinx", "jaraco.packaging (>=9)", "rst.linker (>=1.9)"]
perf = ["ipython"]
testing = ["pytest (>=6)", "pytest-checkdocs (>=2.4)", "pytest-flake8", "pytest-cov", "pytest-enabler (>=1.0.1)", "packaging", "pyfakefs", "flufl.flake8", "pytest-perf (>=0.9.2)", "pytest-black (>=0.3.7)", "pytest-mypy (>=0.9.1)", "importlib-resources (>=1.3)"]

[[package]]
name = "iniconfig"
version = "1.1.1"
description = "iniconfig: brain-dead simple config-ini parsing"
category = "dev"
optional = false
python-versions = "*"

[[package]]
name = "iso8601"
version = "1.0.2"
description = "Simple module to parse ISO 8601 dates"
category = "main"
optional = false
python-versions = ">=3.6.2,<4.0"

[[package]]
name = "orjson"
version = "3.7.2"
description = "Fast, correct Python JSON library supporting dataclasses, datetimes, and numpy"
category = "main"
optional = false
python-versions = ">=3.7"

[[package]]
name = "packaging"
version = "21.3"
description = "Core utilities for Python packages"
category = "dev"
optional = false
python-versions = ">=3.6"

[package.dependencies]
pyparsing = ">=2.0.2,<3.0.5 || >3.0.5"

[[package]]
name = "pluggy"
version = "1.0.0"
description = "plugin and hook calling mechanisms for python"
category = "dev"
optional = false
python-versions = ">=3.6"

[package.dependencies]
importlib-metadata = {version = ">=0.12", markers = "python_version < \"3.8\""}

[package.extras]
dev = ["pre-commit", "tox"]
testing = ["pytest", "pytest-benchmark"]

[[package]]
name = "py"
version = "1.11.0"
description = "library with cross-python path, ini-parsing, io, code, log facilities"
category = "dev"
optional = false
python-versions = ">=2.7, !=3.0.*, !=3.1.*, !=3.2.*, !=3.3.*, !=3.4.*"

[[package]]
name = "pyparsing"
version = "3.0.9"
description = "pyparsing module - Classes and methods to define and execute parsing grammars"
category = "dev"
optional = false
python-versions = ">=3.6.8"

[package.extras]
diagrams = ["railroad-diagrams", "jinja2"]

[[package]]
name = "pypika-tortoise"
version = "0.1.5"
description = "Forked from pypika and streamline just for tortoise-orm"
category = "main"
optional = false
python-versions = ">=3.7,<4.0"

[[package]]
name = "pytest"
version = "6.2.5"
description = "pytest: simple powerful testing with Python"
category = "dev"
optional = false
python-versions = ">=3.6"

[package.dependencies]
atomicwrites = {version = ">=1.0", markers = "sys_platform == \"win32\""}
attrs = ">=19.2.0"
colorama = {version = "*", markers = "sys_platform == \"win32\""}
importlib-metadata = {version = ">=0.12", markers = "python_version < \"3.8\""}
iniconfig = "*"
packaging = "*"
pluggy = ">=0.12,<2.0"
py = ">=1.8.2"
toml = "*"

[package.extras]
testing = ["argcomplete", "hypothesis (>=3.56)", "mock", "nose", "requests", "xmlschema"]

[[package]]
name = "pytest-asyncio"
version = "0.15.1"
description = "Pytest support for asyncio."
category = "dev"
optional = false
python-versions = ">= 3.6"

[package.dependencies]
pytest = ">=5.4.0"

[package.extras]
testing = ["coverage", "hypothesis (>=5.7.1)"]

[[package]]
name = "pytz"
version = "2022.1"
description = "World timezone definitions, modern and historical"
category = "main"
optional = false
python-versions = "*"

[[package]]
name = "toml"
version = "0.10.2"
description = "Python Library for Tom's Obvious, Minimal Language"
category = "dev"
optional = false
python-versions = ">=2.6, !=3.0.*, !=3.1.*, !=3.2.*"

[[package]]
name = "tortoise-orm"
version = "0.19.1"
description = "Easy async ORM for python, built with relations in mind"
category = "main"
optional = false
python-versions = ">=3.7,<4.0"

[package.dependencies]
aiosqlite = ">=0.16.0,<0.18.0"
ciso8601 = {version = "*", optional = true, markers = "sys_platform != \"win32\" and implementation_name == \"cpython\" and extra == \"accel\""}
iso8601 = ">=1.0.2,<2.0.0"
orjson = {version = "*", optional = true, markers = "extra == \"accel\""}
pypika-tortoise = ">=0.1.5,<0.2.0"
pytz = "*"
uvloop = {version = "*", optional = true, markers = "sys_platform != \"win32\" and implementation_name == \"cpython\" and extra == \"accel\""}

[package.extras]
aiomysql = ["aiomysql"]
asyncmy = ["asyncmy (>=0.2.5,<0.3.0)"]
asyncodbc = ["asyncodbc (>=0.1.1,<0.2.0)"]
asyncpg = ["asyncpg"]
accel = ["ciso8601", "orjson", "uvloop"]
psycopg = ["psycopg"]

[[package]]
name = "typing-extensions"
version = "4.2.0"
description = "Backported and Experimental Type Hints for Python 3.7+"
category = "main"
optional = false
python-versions = ">=3.7"

[[package]]
name = "unicode"
version = "2.8"
description = "Display unicode character properties"
category = "main"
optional = false
python-versions = "*"

[[package]]
name = "uvloop"
version = "0.16.0"
description = "Fast implementation of asyncio event loop on top of libuv"
category = "main"
optional = false
python-versions = ">=3.7"

[package.extras]
dev = ["Cython (>=0.29.24,<0.30.0)", "pytest (>=3.6.0)", "Sphinx (>=4.1.2,<4.2.0)", "sphinxcontrib-asyncio (>=0.3.0,<0.4.0)", "sphinx-rtd-theme (>=0.5.2,<0.6.0)", "aiohttp", "flake8 (>=3.9.2,<3.10.0)", "psutil", "pycodestyle (>=2.7.0,<2.8.0)", "pyOpenSSL (>=19.0.0,<19.1.0)", "mypy (>=0.800)"]
docs = ["Sphinx (>=4.1.2,<4.2.0)", "sphinxcontrib-asyncio (>=0.3.0,<0.4.0)", "sphinx-rtd-theme (>=0.5.2,<0.6.0)"]
test = ["aiohttp", "flake8 (>=3.9.2,<3.10.0)", "psutil", "pycodestyle (>=2.7.0,<2.8.0)", "pyOpenSSL (>=19.0.0,<19.1.0)", "mypy (>=0.800)"]

[[package]]
name = "wcmatch"
version = "8.2"
description = "Wildcard/glob file name matcher."
category = "main"
optional = false
python-versions = ">=3.6"

[package.dependencies]
bracex = ">=2.1.1"

[[package]]
name = "zipp"
version = "3.8.0"
description = "Backport of pathlib-compatible object wrapper for zip files"
category = "dev"
optional = false
python-versions = ">=3.7"

[package.extras]
docs = ["sphinx", "jaraco.packaging (>=9)", "rst.linker (>=1.9)"]
testing = ["pytest (>=6)", "pytest-checkdocs (>=2.4)", "pytest-flake8", "pytest-cov", "pytest-enabler (>=1.0.1)", "jaraco.itertools", "func-timeout", "pytest-black (>=0.3.7)", "pytest-mypy (>=0.9.1)"]

[metadata]
lock-version = "1.1"
python-versions = "^3.7"
content-hash = "78738da9ef9f62e807e64ad7aac0fd29101acde3ae124ca69fdaf8e6ad6a1ff9"

[metadata.files]
aiosqlite = [
    {file = "aiosqlite-0.17.0-py3-none-any.whl", hash = "sha256:6c49dc6d3405929b1d08eeccc72306d3677503cc5e5e43771efc1e00232e8231"},
    {file = "aiosqlite-0.17.0.tar.gz", hash = "sha256:f0e6acc24bc4864149267ac82fb46dfb3be4455f99fe21df82609cc6e6baee51"},
]
asynccasbin = [
    {file = "asynccasbin-1.1.8-py3-none-any.whl", hash = "sha256:a1aa60113e17e67bb026cfe7342a72f86b2359a6dcd1207deed74e0119416d81"},
    {file = "asynccasbin-1.1.8.tar.gz", hash = "sha256:2136d60f98abba5e38c2924a8dd7d161498d615461a37eb0de9c99659be8d760"},
]
asyncpg = [
    {file = "asyncpg-0.23.0-cp35-cp35m-macosx_10_14_x86_64.whl", hash = "sha256:f86378bbfbec7334af03bad4d5fd432149286665ecc8bfbcb7135da56b15d34b"},
    {file = "asyncpg-0.23.0-cp35-cp35m-manylinux_2_5_x86_64.manylinux1_x86_64.whl", hash = "sha256:255839c8c52ebd72d6d0159564d7eb8f70fcf6cc9ce7cdc7e98328fd3279bf52"},
    {file = "asyncpg-0.23.0-cp36-cp36m-macosx_10_14_x86_64.whl", hash = "sha256:11102ac2febbc208427f39e4555537ecf188bd70ef7b285fc92c6c16b748b4c6"},
    {file = "asyncpg-0.23.0-cp36-cp36m-manylinux_2_5_x86_64.manylinux1_x86_64.whl", hash = "sha256:d82d94badd34c8adbc5c85b85085317444cd9e062fc8b956221b34ba4c823b56"},
    {file = "asyncpg-0.23.0-cp36-cp36m-win_amd64.whl", hash = "sha256:a88654ede00596a7bdaa08066ff0505aed491f790621dcdb478066c7ddfd1a3d"},
    {file = "asyncpg-0.23.0-cp37-cp37m-macosx_10_14_x86_64.whl", hash = "sha256:a2031df7573c80186339039cc2c4e684648fea5eaa9537c24f18c509bda2cd3f"},
    {file = "asyncpg-0.23.0-cp37-cp37m-manylinux_2_5_x86_64.manylinux1_x86_64.whl", hash = "sha256:2710b5740cbd572e0fddc20986a44707f05d3f84e29fab72abe87fb8c2fc6885"},
    {file = "asyncpg-0.23.0-cp37-cp37m-win_amd64.whl", hash = "sha256:b784138e69752aaa905b60c5a07a891445706824358fe1440d47113db72c8946"},
    {file = "asyncpg-0.23.0-cp38-cp38-macosx_10_14_x86_64.whl", hash = "sha256:a19429d480a387346ae74b38da20e8da004337f14e5066f4bd6a10a8bbe74d3c"},
    {file = "asyncpg-0.23.0-cp38-cp38-manylinux_2_5_x86_64.manylinux1_x86_64.whl", hash = "sha256:43c44d323c3bd6514fbe6a892ccfdc551259bd92e98dd34ad1a52bad8c7974f3"},
    {file = "asyncpg-0.23.0-cp38-cp38-win_amd64.whl", hash = "sha256:df84f3e93cd08cb31a252510a2e7be4bb15e6dff8a06d91f94c057a305d5d55d"},
    {file = "asyncpg-0.23.0-cp39-cp39-macosx_10_14_x86_64.whl", hash = "sha256:98bef539326408da0c2ed0714432e4c79e345820697914318013588ff235b581"},
    {file = "asyncpg-0.23.0-cp39-cp39-manylinux_2_5_x86_64.manylinux1_x86_64.whl", hash = "sha256:bd6e1f3db9889b5d987b6a1cab49c5b5070756290f3420a4c7a63d942d73ab69"},
    {file = "asyncpg-0.23.0-cp39-cp39-win_amd64.whl", hash = "sha256:ceedd46f569f5efb8b4def3d1dd6a0d85e1a44722608d68aa1d2d0f8693c1bff"},
    {file = "asyncpg-0.23.0.tar.gz", hash = "sha256:812dafa4c9e264d430adcc0f5899f0dc5413155a605088af696f952d72d36b5e"},
]
atomicwrites = [
    {file = "atomicwrites-1.4.0-py2.py3-none-any.whl", hash = "sha256:6d1784dea7c0c8d4a5172b6c620f40b6e4cbfdf96d783691f2e1302a7b88e197"},
    {file = "atomicwrites-1.4.0.tar.gz", hash = "sha256:ae70396ad1a434f9c7046fd2dd196fc04b12f9e91ffb859164193be8b6168a7a"},
]
attrs = [
    {file = "attrs-21.4.0-py2.py3-none-any.whl", hash = "sha256:2d27e3784d7a565d36ab851fe94887c5eccd6a463168875832a1be79c82828b4"},
    {file = "attrs-21.4.0.tar.gz", hash = "sha256:626ba8234211db98e869df76230a137c4c40a12d72445c45d5f5b716f076e2fd"},
]
bracex = [
    {file = "bracex-2.1.1-py3-none-any.whl", hash = "sha256:64e2a6d14de9c8e022cf40539ac8468ba7c4b99550a2b05fc87fd20e392e568f"},
    {file = "bracex-2.1.1.tar.gz", hash = "sha256:01f715cd0ed7a622ec8b32322e715813f7574de531f09b70f6f3b2c10f682425"},
]
ciso8601 = [
    {file = "ciso8601-2.2.0.tar.gz", hash = "sha256:14ad817ed31a698372d42afa81b0173d71cd1d0b48b7499a2da2a01dcc8695e6"},
]
colorama = [
    {file = "colorama-0.4.5-py2.py3-none-any.whl", hash = "sha256:854bf444933e37f5824ae7bfc1e98d5bce2ebe4160d46b5edf346a89358e99da"},
    {file = "colorama-0.4.5.tar.gz", hash = "sha256:e6c6b4334fc50988a639d9b98aa429a0b57da6e17b9a44f0451f930b6967b7a4"},
]
importlib-metadata = [
    {file = "importlib_metadata-4.11.4-py3-none-any.whl", hash = "sha256:c58c8eb8a762858f49e18436ff552e83914778e50e9d2f1660535ffb364552ec"},
    {file = "importlib_metadata-4.11.4.tar.gz", hash = "sha256:5d26852efe48c0a32b0509ffbc583fda1a2266545a78d104a6f4aff3db17d700"},
]
iniconfig = [
    {file = "iniconfig-1.1.1-py2.py3-none-any.whl", hash = "sha256:011e24c64b7f47f6ebd835bb12a743f2fbe9a26d4cecaa7f53bc4f35ee9da8b3"},
    {file = "iniconfig-1.1.1.tar.gz", hash = "sha256:bc3af051d7d14b2ee5ef9969666def0cd1a000e121eaea580d4a313df4b37f32"},
]
iso8601 = [
    {file = "iso8601-1.0.2-py3-none-any.whl", hash = "sha256:d7bc01b1c2a43b259570bb307f057abc578786ea734ba2b87b836c5efc5bd443"},
    {file = "iso8601-1.0.2.tar.gz", hash = "sha256:27f503220e6845d9db954fb212b95b0362d8b7e6c1b2326a87061c3de93594b1"},
]
orjson = [
    {file = "orjson-3.7.2-cp310-cp310-macosx_10_7_x86_64.whl", hash = "sha256:4c6bdb0a7dfe53cca965a40371c7b8e72a0441c8bc4949c9015600f1c7fae408"},
    {file = "orjson-3.7.2-cp310-cp310-macosx_10_9_x86_64.macosx_11_0_arm64.macosx_10_9_universal2.whl", hash = "sha256:6e6fc60775bb0a050846710c4a110e8ad17f41e443ff9d0d05145d8f3a74b577"},
    {file = "orjson-3.7.2-cp310-cp310-manylinux_2_17_armv7l.manylinux2014_armv7l.whl", hash = "sha256:e4b70bb1f746a9c9afb1f861a0496920b5833ff06f9d1b25b6a7d292cb7e8a06"},
    {file = "orjson-3.7.2-cp310-cp310-manylinux_2_17_x86_64.manylinux2014_x86_64.whl", hash = "sha256:99bb2127ee174dd6e68255db26dbef0bd6c4330377a17867ecfa314d47bfac82"},
    {file = "orjson-3.7.2-cp310-cp310-manylinux_2_28_aarch64.whl", hash = "sha256:26306d988401cc34ac94dd38873b8c0384276a5ad80cdf50e266e06083284975"},
    {file = "orjson-3.7.2-cp310-cp310-manylinux_2_28_x86_64.whl", hash = "sha256:34a67d810dbcec77d00d764ab730c5bbb0bee1d75a037c8d8e981506e8fba560"},
    {file = "orjson-3.7.2-cp310-cp310-musllinux_1_1_x86_64.whl", hash = "sha256:14bc727f41ce0dd93d1a6a9fc06076e2401e71b00d0bf107bf64d88d2d963b77"},
    {file = "orjson-3.7.2-cp310-none-win_amd64.whl", hash = "sha256:4c686cbb73ccce02929dd799427897f0a0b2dd597d2f5b6b434917ecc3774146"},
    {file = "orjson-3.7.2-cp37-cp37m-macosx_10_7_x86_64.whl", hash = "sha256:12eb683ddbdddd6847ca2b3b074f42574afc0fbf1aff33d8fdf3a4329167762a"},
    {file = "orjson-3.7.2-cp37-cp37m-macosx_10_9_x86_64.macosx_11_0_arm64.macosx_10_9_universal2.whl", hash = "sha256:993550e6e451a2b71435142d4824a09f8db80d497abae23dc9f3fe62b6ca24c0"},
    {file = "orjson-3.7.2-cp37-cp37m-manylinux_2_17_armv7l.manylinux2014_armv7l.whl", hash = "sha256:54cfa4d915a98209366dcf500ee5c3f66408cc9e2b4fd777c8508f69a8f519a1"},
    {file = "orjson-3.7.2-cp37-cp37m-manylinux_2_17_x86_64.manylinux2014_x86_64.whl", hash = "sha256:f735999d49e2fff2c9812f1ea330b368349f77726894e2a06d17371e61d771bb"},
    {file = "orjson-3.7.2-cp37-cp37m-manylinux_2_28_aarch64.whl", hash = "sha256:b2b660790b0804624c569ddb8ca9d31bac6f94f880fd54b8cdff4198735a9fec"},
    {file = "orjson-3.7.2-cp37-cp37m-manylinux_2_28_x86_64.whl", hash = "sha256:590bc5f33e54eb2261de65e4026876e57d04437bab8dcade9514557e31d84537"},
    {file = "orjson-3.7.2-cp37-cp37m-musllinux_1_1_x86_64.whl", hash = "sha256:8ac61c5c98cbcdcf7a3d0a4b62c873bbd9a996a69eaa44f8356a9e10aa29ef49"},
    {file = "orjson-3.7.2-cp37-none-win_amd64.whl", hash = "sha256:662bda15edf4d25d520945660873e730e3a6d9975041ba9c32f0ce93b632ee0d"},
    {file = "orjson-3.7.2-cp38-cp38-macosx_10_7_x86_64.whl", hash = "sha256:19eb800811a53efc7111ff7536079fb2f62da7098df0a42756ba91e7bdd01aff"},
    {file = "orjson-3.7.2-cp38-cp38-macosx_10_9_x86_64.macosx_11_0_arm64.macosx_10_9_universal2.whl", hash = "sha256:54a1e4e39c89d37d3dbc74dde36d09eebcde365ec6803431af9c86604bbbaf3a"},
    {file = "orjson-3.7.2-cp38-cp38-manylinux_2_17_armv7l.manylinux2014_armv7l.whl", hash = "sha256:fbd3b46ac514cbe29ecebcee3882383022acf84aa4d3338f26d068c6fbdf56a0"},
    {file = "orjson-3.7.2-cp38-cp38-manylinux_2_17_x86_64.manylinux2014_x86_64.whl", hash = "sha256:891640d332c8c7a1478ea6d13b676d239dc86451afa46000c4e8d0990a0d72dd"},
    {file = "orjson-3.7.2-cp38-cp38-manylinux_2_28_aarch64.whl", hash = "sha256:9778a7ec4c72d6814f1e116591f351404a4df2e1dc52d282ff678781f45b509b"},
    {file = "orjson-3.7.2-cp38-cp38-manylinux_2_28_x86_64.whl", hash = "sha256:b0b2483f8ad1f93ae4aa43bcf6a985e6ec278e931d0118bae605ffd811b614a1"},
    {file = "orjson-3.7.2-cp38-cp38-musllinux_1_1_x86_64.whl", hash = "sha256:2d90ca4e74750c7adfb7708deb096f835f7e6c4b892bdf703fe871565bb04ad7"},
    {file = "orjson-3.7.2-cp38-none-win_amd64.whl", hash = "sha256:b0f4e92bdfe86a0da57028e669bc1f50f48d810ef6f661e63dc6593c450314bf"},
    {file = "orjson-3.7.2-cp39-cp39-macosx_10_7_x86_64.whl", hash = "sha256:b705132b2827d33291684067cca6baa451a499b459e46761d30fcf4d6ce21a9a"},
    {file = "orjson-3.7.2-cp39-cp39-macosx_10_9_x86_64.macosx_11_0_arm64.macosx_10_9_universal2.whl", hash = "sha256:c589d00b4fb0777f222b35925e4fa030c4777f16d1623669f44bdc191570be66"},
    {file = "orjson-3.7.2-cp39-cp39-manylinux_2_17_armv7l.manylinux2014_armv7l.whl", hash = "sha256:7e197e6779b230e74333e06db804ff876b27306470f68692ec70c27310e7366f"},
    {file = "orjson-3.7.2-cp39-cp39-manylinux_2_17_x86_64.manylinux2014_x86_64.whl", hash = "sha256:a82089ec9e1f7e9b992ff5ab98b4c3c2f98e7bbfdc6fadbef046c5aaafec2b54"},
    {file = "orjson-3.7.2-cp39-cp39-manylinux_2_28_aarch64.whl", hash = "sha256:3ff49c219b30d715c8baae17c7c5839fe3f2c2db10a66c61d6b91bda80bf8789"},
    {file = "orjson-3.7.2-cp39-cp39-manylinux_2_28_x86_64.whl", hash = "sha256:299a743576aaa04f5c7994010608f96df5d4a924d584a686c6e263cee732cb00"},
    {file = "orjson-3.7.2-cp39-cp39-musllinux_1_1_x86_64.whl", hash = "sha256:d3ae3ed52c875ce1a6c607f852ca177057445289895483b0247f0dc57b481241"},
    {file = "orjson-3.7.2-cp39-none-win_amd64.whl", hash = "sha256:796914f7463277d371402775536fb461948c0d34a67d20a57dc4ec49a48a8613"},
    {file = "orjson-3.7.2.tar.gz", hash = "sha256:1cf9690a0b7c51a988221376741a31087bc1dc2ac327bb2dde919806dfa59444"},
]
packaging = [
    {file = "packaging-21.3-py3-none-any.whl", hash = "sha256:ef103e05f519cdc783ae24ea4e2e0f508a9c99b2d4969652eed6a2e1ea5bd522"},
    {file = "packaging-21.3.tar.gz", hash = "sha256:dd47c42927d89ab911e606518907cc2d3a1f38bbd026385970643f9c5b8ecfeb"},
]
pluggy = [
    {file = "pluggy-1.0.0-py2.py3-none-any.whl", hash = "sha256:74134bbf457f031a36d68416e1509f34bd5ccc019f0bcc952c7b909d06b37bd3"},
    {file = "pluggy-1.0.0.tar.gz", hash = "sha256:4224373bacce55f955a878bf9cfa763c1e360858e330072059e10bad68531159"},
]
py = [
    {file = "py-1.11.0-py2.py3-none-any.whl", hash = "sha256:607c53218732647dff4acdfcd50cb62615cedf612e72d1724fb1a0cc6405b378"},
    {file = "py-1.11.0.tar.gz", hash = "sha256:51c75c4126074b472f746a24399ad32f6053d1b34b68d2fa41e558e6f4a98719"},
]
pyparsing = [
    {file = "pyparsing-3.0.9-py3-none-any.whl", hash = "sha256:5026bae9a10eeaefb61dab2f09052b9f4307d44aee4eda64b309723d8d206bbc"},
    {file = "pyparsing-3.0.9.tar.gz", hash = "sha256:2b020ecf7d21b687f219b71ecad3631f644a47f01403fa1d1036b0c6416d70fb"},
]
pypika-tortoise = [
    {file = "pypika-tortoise-0.1.5.tar.gz", hash = "sha256:2e2f747bfc645a25e097485651278cd7d920b709686ce54e43387ba1c9294048"},
    {file = "pypika_tortoise-0.1.5-py3-none-any.whl", hash = "sha256:23d993558e3005ac7f7f2865d9add3d8168097f45246f8844fa46d6682a99d90"},
]
pytest = [
    {file = "pytest-6.2.5-py3-none-any.whl", hash = "sha256:7310f8d27bc79ced999e760ca304d69f6ba6c6649c0b60fb0e04a4a77cacc134"},
    {file = "pytest-6.2.5.tar.gz", hash = "sha256:131b36680866a76e6781d13f101efb86cf674ebb9762eb70d3082b6f29889e89"},
]
pytest-asyncio = [
    {file = "pytest-asyncio-0.15.1.tar.gz", hash = "sha256:2564ceb9612bbd560d19ca4b41347b54e7835c2f792c504f698e05395ed63f6f"},
    {file = "pytest_asyncio-0.15.1-py3-none-any.whl", hash = "sha256:3042bcdf1c5d978f6b74d96a151c4cfb9dcece65006198389ccd7e6c60eb1eea"},
]
pytz = [
    {file = "pytz-2022.1-py2.py3-none-any.whl", hash = "sha256:e68985985296d9a66a881eb3193b0906246245294a881e7c8afe623866ac6a5c"},
    {file = "pytz-2022.1.tar.gz", hash = "sha256:1e760e2fe6a8163bc0b3d9a19c4f84342afa0a2affebfaa84b01b978a02ecaa7"},
]
toml = [
    {file = "toml-0.10.2-py2.py3-none-any.whl", hash = "sha256:806143ae5bfb6a3c6e736a764057db0e6a0e05e338b5630894a5f779cabb4f9b"},
    {file = "toml-0.10.2.tar.gz", hash = "sha256:b3bda1d108d5dd99f4a20d24d9c348e91c4db7ab1b749200bded2f839ccbe68f"},
]
tortoise-orm = [
    {file = "tortoise-orm-0.19.1.tar.gz", hash = "sha256:0ff278d76bec2e41beb14ea63f99ea6d473ee9d50fef68224a51954e5b38d39f"},
    {file = "tortoise_orm-0.19.1-py3-none-any.whl", hash = "sha256:a89fef639d24cfabf1bcc43eb0b4657dbe9c277d01378a90eb2d370fb9dc03dd"},
]
typing-extensions = [
    {file = "typing_extensions-4.2.0-py3-none-any.whl", hash = "sha256:6657594ee297170d19f67d55c05852a874e7eb634f4f753dbd667855e07c1708"},
    {file = "typing_extensions-4.2.0.tar.gz", hash = "sha256:f1c24655a0da0d1b67f07e17a5e6b2a105894e6824b92096378bb3668ef02376"},
]
unicode = [
    {file = "unicode-2.8-py2.py3-none-any.whl", hash = "sha256:a1bb93e2b9f68b9316734abcbc54fed78881df94268cd72d21b4f7a6be3ec970"},
    {file = "unicode-2.8.tar.gz", hash = "sha256:000f637428446f64352f72cb782e2a3dc587f14011ee4c9840657062ec3c27ed"},
]
uvloop = [
    {file = "uvloop-0.16.0-cp310-cp310-macosx_10_9_universal2.whl", hash = "sha256:6224f1401025b748ffecb7a6e2652b17768f30b1a6a3f7b44660e5b5b690b12d"},
    {file = "uvloop-0.16.0-cp310-cp310-macosx_10_9_x86_64.whl", hash = "sha256:30ba9dcbd0965f5c812b7c2112a1ddf60cf904c1c160f398e7eed3a6b82dcd9c"},
    {file = "uvloop-0.16.0-cp310-cp310-manylinux_2_12_x86_64.manylinux2010_x86_64.whl", hash = "sha256:bd53f7f5db562f37cd64a3af5012df8cac2c464c97e732ed556800129505bd64"},
    {file = "uvloop-0.16.0-cp310-cp310-manylinux_2_17_aarch64.manylinux2014_aarch64.whl", hash = "sha256:772206116b9b57cd625c8a88f2413df2fcfd0b496eb188b82a43bed7af2c2ec9"},
    {file = "uvloop-0.16.0-cp37-cp37m-macosx_10_9_x86_64.whl", hash = "sha256:b572256409f194521a9895aef274cea88731d14732343da3ecdb175228881638"},
    {file = "uvloop-0.16.0-cp37-cp37m-manylinux_2_12_x86_64.manylinux2010_x86_64.whl", hash = "sha256:04ff57aa137230d8cc968f03481176041ae789308b4d5079118331ab01112450"},
    {file = "uvloop-0.16.0-cp37-cp37m-manylinux_2_17_aarch64.manylinux2014_aarch64.whl", hash = "sha256:3a19828c4f15687675ea912cc28bbcb48e9bb907c801873bd1519b96b04fb805"},
    {file = "uvloop-0.16.0-cp38-cp38-macosx_10_9_universal2.whl", hash = "sha256:e814ac2c6f9daf4c36eb8e85266859f42174a4ff0d71b99405ed559257750382"},
    {file = "uvloop-0.16.0-cp38-cp38-macosx_10_9_x86_64.whl", hash = "sha256:bd8f42ea1ea8f4e84d265769089964ddda95eb2bb38b5cbe26712b0616c3edee"},
    {file = "uvloop-0.16.0-cp38-cp38-manylinux_2_12_x86_64.manylinux2010_x86_64.whl", hash = "sha256:647e481940379eebd314c00440314c81ea547aa636056f554d491e40503c8464"},
    {file = "uvloop-0.16.0-cp38-cp38-manylinux_2_17_aarch64.manylinux2014_aarch64.whl", hash = "sha256:8e0d26fa5875d43ddbb0d9d79a447d2ace4180d9e3239788208527c4784f7cab"},
    {file = "uvloop-0.16.0-cp39-cp39-macosx_10_9_universal2.whl", hash = "sha256:6ccd57ae8db17d677e9e06192e9c9ec4bd2066b77790f9aa7dede2cc4008ee8f"},
    {file = "uvloop-0.16.0-cp39-cp39-macosx_10_9_x86_64.whl", hash = "sha256:089b4834fd299d82d83a25e3335372f12117a7d38525217c2258e9b9f4578897"},
    {file = "uvloop-0.16.0-cp39-cp39-manylinux_2_12_x86_64.manylinux2010_x86_64.whl", hash = "sha256:98d117332cc9e5ea8dfdc2b28b0a23f60370d02e1395f88f40d1effd2cb86c4f"},
    {file = "uvloop-0.16.0-cp39-cp39-manylinux_2_17_aarch64.manylinux2014_aarch64.whl", hash = "sha256:1e5f2e2ff51aefe6c19ee98af12b4ae61f5be456cd24396953244a30880ad861"},
    {file = "uvloop-0.16.0.tar.gz", hash = "sha256:f74bc20c7b67d1c27c72601c78cf95be99d5c2cdd4514502b4f3eb0933ff1228"},
]
wcmatch = [
    {file = "wcmatch-8.2-py3-none-any.whl", hash = "sha256:9146b1ab9354e0797ef6ef69bc89cb32cb9f46d1b9eeef69c559aeec8f3bffb6"},
    {file = "wcmatch-8.2.tar.gz", hash = "sha256:4d54ddb506c90b5a5bba3a96a1cfb0bb07127909e19046a71d689ddfb18c3617"},
]
zipp = [
    {file = "zipp-3.8.0-py3-none-any.whl", hash = "sha256:c4f6e5bbf48e74f7a38e7cc5b0480ff42b0ae5178957d564d18932525d5cf099"},
    {file = "zipp-3.8.0.tar.gz", hash = "sha256:56bf8aadb83c24db6c4b577e13de374ccfb67da2078beba1d037c17980bf43ad"},
]
